
Microsoft Visual Studio Solution File, Format Version 12.00
# Visual Studio Version 16
VisualStudioVersion = 16.0.29728.190
MinimumVisualStudioVersion = 10.0.40219.1
Project("{8BC9CEB8-8B4A-11D0-8D11-00A0C91BC942}") = "Happy_tickets", "Happy_tickets.vcxproj", "{6D229FC1-D042-4E79-A988-4C388EC4982F}"
EndProject
Global
	GlobalSection(SolutionConfigurationPlatforms) = preSolution
		Debug|x64 = Debug|x64
		Debug|x86 = Debug|x86
		Release|x64 = Release|x64
		Release|x86 = Release|x86
	EndGlobalSection
	GlobalSection(ProjectConfigurationPlatforms) = postSolution
		{6D229FC1-D042-4E79-A988-4C388EC4982F}.Debug|x64.ActiveCfg = Debug|x64
		{6D229FC1-D042-4E79-A988-4C388EC4982F}.Debug|x64.Build.0 = Debug|x64
		{6D229FC1-D042-4E79-A988-4C388EC4982F}.Debug|x86.ActiveCfg = Debug|Win32
		{6D229FC1-D042-4E79-A988-4C388EC4982F}.Debug|x86.Build.0 = Debug|Win32
		{6D229FC1-D042-4E79-A988-4C388EC4982F}.Release|x64.ActiveCfg = Release|x64
		{6D229FC1-D042-4E79-A988-4C388EC4982F}.Release|x64.Build.0 = Release|x64
		{6D229FC1-D042-4E79-A988-4C388EC4982F}.Release|x86.ActiveCfg = Release|Win32
		{6D229FC1-D042-4E79-A988-4C388EC4982F}.Release|x86.Build.0 = Release|Win32
	EndGlobalSection
	GlobalSection(SolutionProperties) = preSolution
		HideSolutionNode = FALSE
	EndGlobalSection
	GlobalSection(ExtensibilityGlobals) = postSolution
		SolutionGuid = {295EDAE5-A5DB-4953-81AB-48686422650B}
	EndGlobalSection
EndGlobal
